
Microsoft Visual Studio Solution File, Format Version 12.00
# Visual Studio 14
VisualStudioVersion = 14.0.25420.1
MinimumVisualStudioVersion = 10.0.40219.1
Project("{FAE04EC0-301F-11D3-BF4B-00C04F79EFBC}") = "Pest_Out_App.Android", "Pest-Out App\Pest_Out_App.Android\Pest_Out_App.Android.csproj", "{36689044-3E91-4449-8908-B2B724B62D59}"
EndProject
Project("{FAE04EC0-301F-11D3-BF4B-00C04F79EFBC}") = "Pest_Out_App", "Pest-Out App\Pest_Out_App\Pest_Out_App.csproj", "{C35C7A7A-71C9-42B4-A134-37359777399A}"
EndProject
Project("{FAE04EC0-301F-11D3-BF4B-00C04F79EFBC}") = "Pest_Out_App.UWP", "Pest-Out App\Pest_Out_App.UWP\Pest_Out_App.UWP.csproj", "{52B054AA-3964-4362-8E82-385C5600422B}"
EndProject
Project("{FAE04EC0-301F-11D3-BF4B-00C04F79EFBC}") = "Pest_Out_App.iOS", "Pest-Out App\Pest_Out_App.iOS\Pest_Out_App.iOS.csproj", "{716B672B-6DDB-4AED-BFDF-67C8F96E8EAF}"
EndProject
Global
	GlobalSection(SolutionConfigurationPlatforms) = preSolution
		Ad-Hoc|Any CPU = Ad-Hoc|Any CPU
		Ad-Hoc|ARM = Ad-Hoc|ARM
		Ad-Hoc|iPhone = Ad-Hoc|iPhone
		Ad-Hoc|iPhoneSimulator = Ad-Hoc|iPhoneSimulator
		Ad-Hoc|x64 = Ad-Hoc|x64
		Ad-Hoc|x86 = Ad-Hoc|x86
		AppStore|Any CPU = AppStore|Any CPU
		AppStore|ARM = AppStore|ARM
		AppStore|iPhone = AppStore|iPhone
		AppStore|iPhoneSimulator = AppStore|iPhoneSimulator
		AppStore|x64 = AppStore|x64
		AppStore|x86 = AppStore|x86
		Debug|Any CPU = Debug|Any CPU
		Debug|ARM = Debug|ARM
		Debug|iPhone = Debug|iPhone
		Debug|iPhoneSimulator = Debug|iPhoneSimulator
		Debug|x64 = Debug|x64
		Debug|x86 = Debug|x86
		Release|Any CPU = Release|Any CPU
		Release|ARM = Release|ARM
		Release|iPhone = Release|iPhone
		Release|iPhoneSimulator = Release|iPhoneSimulator
		Release|x64 = Release|x64
		Release|x86 = Release|x86
	EndGlobalSection
	GlobalSection(ProjectConfigurationPlatforms) = postSolution
		{36689044-3E91-4449-8908-B2B724B62D59}.Ad-Hoc|Any CPU.ActiveCfg = Release|Any CPU
		{36689044-3E91-4449-8908-B2B724B62D59}.Ad-Hoc|Any CPU.Build.0 = Release|Any CPU
		{36689044-3E91-4449-8908-B2B724B62D59}.Ad-Hoc|Any CPU.Deploy.0 = Release|Any CPU
		{36689044-3E91-4449-8908-B2B724B62D59}.Ad-Hoc|ARM.ActiveCfg = Release|Any CPU
		{36689044-3E91-4449-8908-B2B724B62D59}.Ad-Hoc|ARM.Build.0 = Release|Any CPU
		{36689044-3E91-4449-8908-B2B724B62D59}.Ad-Hoc|ARM.Deploy.0 = Release|Any CPU
		{36689044-3E91-4449-8908-B2B724B62D59}.Ad-Hoc|iPhone.ActiveCfg = Release|Any CPU
		{36689044-3E91-4449-8908-B2B724B62D59}.Ad-Hoc|iPhone.Build.0 = Release|Any CPU
		{36689044-3E91-4449-8908-B2B724B62D59}.Ad-Hoc|iPhone.Deploy.0 = Release|Any CPU
		{36689044-3E91-4449-8908-B2B724B62D59}.Ad-Hoc|iPhoneSimulator.ActiveCfg = Release|Any CPU
		{36689044-3E91-4449-8908-B2B724B62D59}.Ad-Hoc|iPhoneSimulator.Build.0 = Release|Any CPU
		{36689044-3E91-4449-8908-B2B724B62D59}.Ad-Hoc|iPhoneSimulator.Deploy.0 = Release|Any CPU
		{36689044-3E91-4449-8908-B2B724B62D59}.Ad-Hoc|x64.ActiveCfg = Release|Any CPU
		{36689044-3E91-4449-8908-B2B724B62D59}.Ad-Hoc|x64.Build.0 = Release|Any CPU
		{36689044-3E91-4449-8908-B2B724B62D59}.Ad-Hoc|x64.Deploy.0 = Release|Any CPU
		{36689044-3E91-4449-8908-B2B724B62D59}.Ad-Hoc|x86.ActiveCfg = Release|Any CPU
		{36689044-3E91-4449-8908-B2B724B62D59}.Ad-Hoc|x86.Build.0 = Release|Any CPU
		{36689044-3E91-4449-8908-B2B724B62D59}.Ad-Hoc|x86.Deploy.0 = Release|Any CPU
		{36689044-3E91-4449-8908-B2B724B62D59}.AppStore|Any CPU.ActiveCfg = Release|Any CPU
		{36689044-3E91-4449-8908-B2B724B62D59}.AppStore|Any CPU.Build.0 = Release|Any CPU
		{36689044-3E91-4449-8908-B2B724B62D59}.AppStore|Any CPU.Deploy.0 = Release|Any CPU
		{36689044-3E91-4449-8908-B2B724B62D59}.AppStore|ARM.ActiveCfg = Release|Any CPU
		{36689044-3E91-4449-8908-B2B724B62D59}.AppStore|ARM.Build.0 = Release|Any CPU
		{36689044-3E91-4449-8908-B2B724B62D59}.AppStore|ARM.Deploy.0 = Release|Any CPU
		{36689044-3E91-4449-8908-B2B724B62D59}.AppStore|iPhone.ActiveCfg = Release|Any CPU
		{36689044-3E91-4449-8908-B2B724B62D59}.AppStore|iPhone.Build.0 = Release|Any CPU
		{36689044-3E91-4449-8908-B2B724B62D59}.AppStore|iPhone.Deploy.0 = Release|Any CPU
		{36689044-3E91-4449-8908-B2B724B62D59}.AppStore|iPhoneSimulator.ActiveCfg = Release|Any CPU
		{36689044-3E91-4449-8908-B2B724B62D59}.AppStore|iPhoneSimulator.Build.0 = Release|Any CPU
		{36689044-3E91-4449-8908-B2B724B62D59}.AppStore|iPhoneSimulator.Deploy.0 = Release|Any CPU
		{36689044-3E91-4449-8908-B2B724B62D59}.AppStore|x64.ActiveCfg = Release|Any CPU
		{36689044-3E91-4449-8908-B2B724B62D59}.AppStore|x64.Build.0 = Release|Any CPU
		{36689044-3E91-4449-8908-B2B724B62D59}.AppStore|x64.Deploy.0 = Release|Any CPU
		{36689044-3E91-4449-8908-B2B724B62D59}.AppStore|x86.ActiveCfg = Release|Any CPU
		{36689044-3E91-4449-8908-B2B724B62D59}.AppStore|x86.Build.0 = Release|Any CPU
		{36689044-3E91-4449-8908-B2B724B62D59}.AppStore|x86.Deploy.0 = Release|Any CPU
		{36689044-3E91-4449-8908-B2B724B62D59}.Debug|Any CPU.ActiveCfg = Debug|Any CPU
		{36689044-3E91-4449-8908-B2B724B62D59}.Debug|Any CPU.Build.0 = Debug|Any CPU
		{36689044-3E91-4449-8908-B2B724B62D59}.Debug|Any CPU.Deploy.0 = Debug|Any CPU
		{36689044-3E91-4449-8908-B2B724B62D59}.Debug|ARM.ActiveCfg = Debug|Any CPU
		{36689044-3E91-4449-8908-B2B724B62D59}.Debug|ARM.Build.0 = Debug|Any CPU
		{36689044-3E91-4449-8908-B2B724B62D59}.Debug|ARM.Deploy.0 = Debug|Any CPU
		{36689044-3E91-4449-8908-B2B724B62D59}.Debug|iPhone.ActiveCfg = Debug|Any CPU
		{36689044-3E91-4449-8908-B2B724B62D59}.Debug|iPhone.Build.0 = Debug|Any CPU
		{36689044-3E91-4449-8908-B2B724B62D59}.Debug|iPhone.Deploy.0 = Debug|Any CPU
		{36689044-3E91-4449-8908-B2B724B62D59}.Debug|iPhoneSimulator.ActiveCfg = Debug|Any CPU
		{36689044-3E91-4449-8908-B2B724B62D59}.Debug|iPhoneSimulator.Build.0 = Debug|Any CPU
		{36689044-3E91-4449-8908-B2B724B62D59}.Debug|iPhoneSimulator.Deploy.0 = Debug|Any CPU
		{36689044-3E91-4449-8908-B2B724B62D59}.Debug|x64.ActiveCfg = Debug|Any CPU
		{36689044-3E91-4449-8908-B2B724B62D59}.Debug|x64.Build.0 = Debug|Any CPU
		{36689044-3E91-4449-8908-B2B724B62D59}.Debug|x64.Deploy.0 = Debug|Any CPU
		{36689044-3E91-4449-8908-B2B724B62D59}.Debug|x86.ActiveCfg = Debug|Any CPU
		{36689044-3E91-4449-8908-B2B724B62D59}.Debug|x86.Build.0 = Debug|Any CPU
		{36689044-3E91-4449-8908-B2B724B62D59}.Debug|x86.Deploy.0 = Debug|Any CPU
		{36689044-3E91-4449-8908-B2B724B62D59}.Release|Any CPU.ActiveCfg = Release|Any CPU
		{36689044-3E91-4449-8908-B2B724B62D59}.Release|Any CPU.Build.0 = Release|Any CPU
		{36689044-3E91-4449-8908-B2B724B62D59}.Release|Any CPU.Deploy.0 = Release|Any CPU
		{36689044-3E91-4449-8908-B2B724B62D59}.Release|ARM.ActiveCfg = Release|Any CPU
		{36689044-3E91-4449-8908-B2B724B62D59}.Release|ARM.Build.0 = Release|Any CPU
		{36689044-3E91-4449-8908-B2B724B62D59}.Release|ARM.Deploy.0 = Release|Any CPU
		{36689044-3E91-4449-8908-B2B724B62D59}.Release|iPhone.ActiveCfg = Release|Any CPU
		{36689044-3E91-4449-8908-B2B724B62D59}.Release|iPhone.Build.0 = Release|Any CPU
		{36689044-3E91-4449-8908-B2B724B62D59}.Release|iPhone.Deploy.0 = Release|Any CPU
		{36689044-3E91-4449-8908-B2B724B62D59}.Release|iPhoneSimulator.ActiveCfg = Release|Any CPU
		{36689044-3E91-4449-8908-B2B724B62D59}.Release|iPhoneSimulator.Build.0 = Release|Any CPU
		{36689044-3E91-4449-8908-B2B724B62D59}.Release|iPhoneSimulator.Deploy.0 = Release|Any CPU
		{36689044-3E91-4449-8908-B2B724B62D59}.Release|x64.ActiveCfg = Release|Any CPU
		{36689044-3E91-4449-8908-B2B724B62D59}.Release|x64.Build.0 = Release|Any CPU
		{36689044-3E91-4449-8908-B2B724B62D59}.Release|x64.Deploy.0 = Release|Any CPU
		{36689044-3E91-4449-8908-B2B724B62D59}.Release|x86.ActiveCfg = Release|Any CPU
		{36689044-3E91-4449-8908-B2B724B62D59}.Release|x86.Build.0 = Release|Any CPU
		{36689044-3E91-4449-8908-B2B724B62D59}.Release|x86.Deploy.0 = Release|Any CPU
		{C35C7A7A-71C9-42B4-A134-37359777399A}.Ad-Hoc|Any CPU.ActiveCfg = Release|Any CPU
		{C35C7A7A-71C9-42B4-A134-37359777399A}.Ad-Hoc|Any CPU.Build.0 = Release|Any CPU
		{C35C7A7A-71C9-42B4-A134-37359777399A}.Ad-Hoc|ARM.ActiveCfg = Release|Any CPU
		{C35C7A7A-71C9-42B4-A134-37359777399A}.Ad-Hoc|ARM.Build.0 = Release|Any CPU
		{C35C7A7A-71C9-42B4-A134-37359777399A}.Ad-Hoc|iPhone.ActiveCfg = Release|Any CPU
		{C35C7A7A-71C9-42B4-A134-37359777399A}.Ad-Hoc|iPhone.Build.0 = Release|Any CPU
		{C35C7A7A-71C9-42B4-A134-37359777399A}.Ad-Hoc|iPhoneSimulator.ActiveCfg = Release|Any CPU
		{C35C7A7A-71C9-42B4-A134-37359777399A}.Ad-Hoc|iPhoneSimulator.Build.0 = Release|Any CPU
		{C35C7A7A-71C9-42B4-A134-37359777399A}.Ad-Hoc|x64.ActiveCfg = Release|Any CPU
		{C35C7A7A-71C9-42B4-A134-37359777399A}.Ad-Hoc|x64.Build.0 = Release|Any CPU
		{C35C7A7A-71C9-42B4-A134-37359777399A}.Ad-Hoc|x86.ActiveCfg = Release|Any CPU
		{C35C7A7A-71C9-42B4-A134-37359777399A}.Ad-Hoc|x86.Build.0 = Release|Any CPU
		{C35C7A7A-71C9-42B4-A134-37359777399A}.AppStore|Any CPU.ActiveCfg = Release|Any CPU
		{C35C7A7A-71C9-42B4-A134-37359777399A}.AppStore|Any CPU.Build.0 = Release|Any CPU
		{C35C7A7A-71C9-42B4-A134-37359777399A}.AppStore|ARM.ActiveCfg = Release|Any CPU
		{C35C7A7A-71C9-42B4-A134-37359777399A}.AppStore|ARM.Build.0 = Release|Any CPU
		{C35C7A7A-71C9-42B4-A134-37359777399A}.AppStore|iPhone.ActiveCfg = Release|Any CPU
		{C35C7A7A-71C9-42B4-A134-37359777399A}.AppStore|iPhone.Build.0 = Release|Any CPU
		{C35C7A7A-71C9-42B4-A134-37359777399A}.AppStore|iPhoneSimulator.ActiveCfg = Release|Any CPU
		{C35C7A7A-71C9-42B4-A134-37359777399A}.AppStore|iPhoneSimulator.Build.0 = Release|Any CPU
		{C35C7A7A-71C9-42B4-A134-37359777399A}.AppStore|x64.ActiveCfg = Release|Any CPU
		{C35C7A7A-71C9-42B4-A134-37359777399A}.AppStore|x64.Build.0 = Release|Any CPU
		{C35C7A7A-71C9-42B4-A134-37359777399A}.AppStore|x86.ActiveCfg = Release|Any CPU
		{C35C7A7A-71C9-42B4-A134-37359777399A}.AppStore|x86.Build.0 = Release|Any CPU
		{C35C7A7A-71C9-42B4-A134-37359777399A}.Debug|Any CPU.ActiveCfg = Debug|Any CPU
		{C35C7A7A-71C9-42B4-A134-37359777399A}.Debug|Any CPU.Build.0 = Debug|Any CPU
		{C35C7A7A-71C9-42B4-A134-37359777399A}.Debug|ARM.ActiveCfg = Debug|Any CPU
		{C35C7A7A-71C9-42B4-A134-37359777399A}.Debug|ARM.Build.0 = Debug|Any CPU
		{C35C7A7A-71C9-42B4-A134-37359777399A}.Debug|iPhone.ActiveCfg = Debug|Any CPU
		{C35C7A7A-71C9-42B4-A134-37359777399A}.Debug|iPhone.Build.0 = Debug|Any CPU
		{C35C7A7A-71C9-42B4-A134-37359777399A}.Debug|iPhoneSimulator.ActiveCfg = Debug|Any CPU
		{C35C7A7A-71C9-42B4-A134-37359777399A}.Debug|iPhoneSimulator.Build.0 = Debug|Any CPU
		{C35C7A7A-71C9-42B4-A134-37359777399A}.Debug|x64.ActiveCfg = Debug|Any CPU
		{C35C7A7A-71C9-42B4-A134-37359777399A}.Debug|x64.Build.0 = Debug|Any CPU
		{C35C7A7A-71C9-42B4-A134-37359777399A}.Debug|x86.ActiveCfg = Debug|Any CPU
		{C35C7A7A-71C9-42B4-A134-37359777399A}.Debug|x86.Build.0 = Debug|Any CPU
		{C35C7A7A-71C9-42B4-A134-37359777399A}.Release|Any CPU.ActiveCfg = Release|Any CPU
		{C35C7A7A-71C9-42B4-A134-37359777399A}.Release|Any CPU.Build.0 = Release|Any CPU
		{C35C7A7A-71C9-42B4-A134-37359777399A}.Release|ARM.ActiveCfg = Release|Any CPU
		{C35C7A7A-71C9-42B4-A134-37359777399A}.Release|ARM.Build.0 = Release|Any CPU
		{C35C7A7A-71C9-42B4-A134-37359777399A}.Release|iPhone.ActiveCfg = Release|Any CPU
		{C35C7A7A-71C9-42B4-A134-37359777399A}.Release|iPhone.Build.0 = Release|Any CPU
		{C35C7A7A-71C9-42B4-A134-37359777399A}.Release|iPhoneSimulator.ActiveCfg = Release|Any CPU
		{C35C7A7A-71C9-42B4-A134-37359777399A}.Release|iPhoneSimulator.Build.0 = Release|Any CPU
		{C35C7A7A-71C9-42B4-A134-37359777399A}.Release|x64.ActiveCfg = Release|Any CPU
		{C35C7A7A-71C9-42B4-A134-37359777399A}.Release|x64.Build.0 = Release|Any CPU
		{C35C7A7A-71C9-42B4-A134-37359777399A}.Release|x86.ActiveCfg = Release|Any CPU
		{C35C7A7A-71C9-42B4-A134-37359777399A}.Release|x86.Build.0 = Release|Any CPU
		{52B054AA-3964-4362-8E82-385C5600422B}.Ad-Hoc|Any CPU.ActiveCfg = Release|x86
		{52B054AA-3964-4362-8E82-385C5600422B}.Ad-Hoc|Any CPU.Build.0 = Release|x86
		{52B054AA-3964-4362-8E82-385C5600422B}.Ad-Hoc|Any CPU.Deploy.0 = Release|x86
		{52B054AA-3964-4362-8E82-385C5600422B}.Ad-Hoc|ARM.ActiveCfg = Release|ARM
		{52B054AA-3964-4362-8E82-385C5600422B}.Ad-Hoc|ARM.Build.0 = Release|ARM
		{52B054AA-3964-4362-8E82-385C5600422B}.Ad-Hoc|ARM.Deploy.0 = Release|ARM
		{52B054AA-3964-4362-8E82-385C5600422B}.Ad-Hoc|iPhone.ActiveCfg = Release|x86
		{52B054AA-3964-4362-8E82-385C5600422B}.Ad-Hoc|iPhone.Build.0 = Release|x86
		{52B054AA-3964-4362-8E82-385C5600422B}.Ad-Hoc|iPhone.Deploy.0 = Release|x86
		{52B054AA-3964-4362-8E82-385C5600422B}.Ad-Hoc|iPhoneSimulator.ActiveCfg = Release|x86
		{52B054AA-3964-4362-8E82-385C5600422B}.Ad-Hoc|iPhoneSimulator.Build.0 = Release|x86
		{52B054AA-3964-4362-8E82-385C5600422B}.Ad-Hoc|iPhoneSimulator.Deploy.0 = Release|x86
		{52B054AA-3964-4362-8E82-385C5600422B}.Ad-Hoc|x64.ActiveCfg = Release|x64
		{52B054AA-3964-4362-8E82-385C5600422B}.Ad-Hoc|x64.Build.0 = Release|x64
		{52B054AA-3964-4362-8E82-385C5600422B}.Ad-Hoc|x64.Deploy.0 = Release|x64
		{52B054AA-3964-4362-8E82-385C5600422B}.Ad-Hoc|x86.ActiveCfg = Release|x86
		{52B054AA-3964-4362-8E82-385C5600422B}.Ad-Hoc|x86.Build.0 = Release|x86
		{52B054AA-3964-4362-8E82-385C5600422B}.Ad-Hoc|x86.Deploy.0 = Release|x86
		{52B054AA-3964-4362-8E82-385C5600422B}.AppStore|Any CPU.ActiveCfg = Release|x86
		{52B054AA-3964-4362-8E82-385C5600422B}.AppStore|Any CPU.Build.0 = Release|x86
		{52B054AA-3964-4362-8E82-385C5600422B}.AppStore|Any CPU.Deploy.0 = Release|x86
		{52B054AA-3964-4362-8E82-385C5600422B}.AppStore|ARM.ActiveCfg = Release|ARM
		{52B054AA-3964-4362-8E82-385C5600422B}.AppStore|ARM.Build.0 = Release|ARM
		{52B054AA-3964-4362-8E82-385C5600422B}.AppStore|ARM.Deploy.0 = Release|ARM
		{52B054AA-3964-4362-8E82-385C5600422B}.AppStore|iPhone.ActiveCfg = Release|x86
		{52B054AA-3964-4362-8E82-385C5600422B}.AppStore|iPhone.Build.0 = Release|x86
		{52B054AA-3964-4362-8E82-385C5600422B}.AppStore|iPhone.Deploy.0 = Release|x86
		{52B054AA-3964-4362-8E82-385C5600422B}.AppStore|iPhoneSimulator.ActiveCfg = Release|x86
		{52B054AA-3964-4362-8E82-385C5600422B}.AppStore|iPhoneSimulator.Build.0 = Release|x86
		{52B054AA-3964-4362-8E82-385C5600422B}.AppStore|iPhoneSimulator.Deploy.0 = Release|x86
		{52B054AA-3964-4362-8E82-385C5600422B}.AppStore|x64.ActiveCfg = Release|x64
		{52B054AA-3964-4362-8E82-385C5600422B}.AppStore|x64.Build.0 = Release|x64
		{52B054AA-3964-4362-8E82-385C5600422B}.AppStore|x64.Deploy.0 = Release|x64
		{52B054AA-3964-4362-8E82-385C5600422B}.AppStore|x86.ActiveCfg = Release|x86
		{52B054AA-3964-4362-8E82-385C5600422B}.AppStore|x86.Build.0 = Release|x86
		{52B054AA-3964-4362-8E82-385C5600422B}.AppStore|x86.Deploy.0 = Release|x86
		{52B054AA-3964-4362-8E82-385C5600422B}.Debug|Any CPU.ActiveCfg = Debug|x86
		{52B054AA-3964-4362-8E82-385C5600422B}.Debug|ARM.ActiveCfg = Debug|ARM
		{52B054AA-3964-4362-8E82-385C5600422B}.Debug|ARM.Build.0 = Debug|ARM
		{52B054AA-3964-4362-8E82-385C5600422B}.Debug|ARM.Deploy.0 = Debug|ARM
		{52B054AA-3964-4362-8E82-385C5600422B}.Debug|iPhone.ActiveCfg = Debug|x86
		{52B054AA-3964-4362-8E82-385C5600422B}.Debug|iPhoneSimulator.ActiveCfg = Debug|x86
		{52B054AA-3964-4362-8E82-385C5600422B}.Debug|x64.ActiveCfg = Debug|x64
		{52B054AA-3964-4362-8E82-385C5600422B}.Debug|x64.Build.0 = Debug|x64
		{52B054AA-3964-4362-8E82-385C5600422B}.Debug|x64.Deploy.0 = Debug|x64
		{52B054AA-3964-4362-8E82-385C5600422B}.Debug|x86.ActiveCfg = Debug|x86
		{52B054AA-3964-4362-8E82-385C5600422B}.Debug|x86.Build.0 = Debug|x86
		{52B054AA-3964-4362-8E82-385C5600422B}.Debug|x86.Deploy.0 = Debug|x86
		{52B054AA-3964-4362-8E82-385C5600422B}.Release|Any CPU.ActiveCfg = Release|x86
		{52B054AA-3964-4362-8E82-385C5600422B}.Release|ARM.ActiveCfg = Release|ARM
		{52B054AA-3964-4362-8E82-385C5600422B}.Release|ARM.Build.0 = Release|ARM
		{52B054AA-3964-4362-8E82-385C5600422B}.Release|ARM.Deploy.0 = Release|ARM
		{52B054AA-3964-4362-8E82-385C5600422B}.Release|iPhone.ActiveCfg = Release|x86
		{52B054AA-3964-4362-8E82-385C5600422B}.Release|iPhoneSimulator.ActiveCfg = Release|x86
		{52B054AA-3964-4362-8E82-385C5600422B}.Release|x64.ActiveCfg = Release|x64
		{52B054AA-3964-4362-8E82-385C5600422B}.Release|x64.Build.0 = Release|x64
		{52B054AA-3964-4362-8E82-385C5600422B}.Release|x64.Deploy.0 = Release|x64
		{52B054AA-3964-4362-8E82-385C5600422B}.Release|x86.ActiveCfg = Release|x86
		{52B054AA-3964-4362-8E82-385C5600422B}.Release|x86.Build.0 = Release|x86
		{52B054AA-3964-4362-8E82-385C5600422B}.Release|x86.Deploy.0 = Release|x86
		{716B672B-6DDB-4AED-BFDF-67C8F96E8EAF}.Ad-Hoc|Any CPU.ActiveCfg = Ad-Hoc|iPhone
		{716B672B-6DDB-4AED-BFDF-67C8F96E8EAF}.Ad-Hoc|ARM.ActiveCfg = Ad-Hoc|iPhone
		{716B672B-6DDB-4AED-BFDF-67C8F96E8EAF}.Ad-Hoc|iPhone.ActiveCfg = Ad-Hoc|iPhone
		{716B672B-6DDB-4AED-BFDF-67C8F96E8EAF}.Ad-Hoc|iPhone.Build.0 = Ad-Hoc|iPhone
		{716B672B-6DDB-4AED-BFDF-67C8F96E8EAF}.Ad-Hoc|iPhoneSimulator.ActiveCfg = Ad-Hoc|iPhoneSimulator
		{716B672B-6DDB-4AED-BFDF-67C8F96E8EAF}.Ad-Hoc|iPhoneSimulator.Build.0 = Ad-Hoc|iPhoneSimulator
		{716B672B-6DDB-4AED-BFDF-67C8F96E8EAF}.Ad-Hoc|x64.ActiveCfg = Ad-Hoc|iPhone
		{716B672B-6DDB-4AED-BFDF-67C8F96E8EAF}.Ad-Hoc|x86.ActiveCfg = Ad-Hoc|iPhone
		{716B672B-6DDB-4AED-BFDF-67C8F96E8EAF}.AppStore|Any CPU.ActiveCfg = AppStore|iPhone
		{716B672B-6DDB-4AED-BFDF-67C8F96E8EAF}.AppStore|ARM.ActiveCfg = AppStore|iPhone
		{716B672B-6DDB-4AED-BFDF-67C8F96E8EAF}.AppStore|iPhone.ActiveCfg = AppStore|iPhone
		{716B672B-6DDB-4AED-BFDF-67C8F96E8EAF}.AppStore|iPhone.Build.0 = AppStore|iPhone
		{716B672B-6DDB-4AED-BFDF-67C8F96E8EAF}.AppStore|iPhoneSimulator.ActiveCfg = AppStore|iPhoneSimulator
		{716B672B-6DDB-4AED-BFDF-67C8F96E8EAF}.AppStore|iPhoneSimulator.Build.0 = AppStore|iPhoneSimulator
		{716B672B-6DDB-4AED-BFDF-67C8F96E8EAF}.AppStore|x64.ActiveCfg = AppStore|iPhone
		{716B672B-6DDB-4AED-BFDF-67C8F96E8EAF}.AppStore|x86.ActiveCfg = AppStore|iPhone
		{716B672B-6DDB-4AED-BFDF-67C8F96E8EAF}.Debug|Any CPU.ActiveCfg = Debug|iPhone
		{716B672B-6DDB-4AED-BFDF-67C8F96E8EAF}.Debug|ARM.ActiveCfg = Debug|iPhone
		{716B672B-6DDB-4AED-BFDF-67C8F96E8EAF}.Debug|iPhone.ActiveCfg = Debug|iPhone
		{716B672B-6DDB-4AED-BFDF-67C8F96E8EAF}.Debug|iPhone.Build.0 = Debug|iPhone
		{716B672B-6DDB-4AED-BFDF-67C8F96E8EAF}.Debug|iPhoneSimulator.ActiveCfg = Debug|iPhoneSimulator
		{716B672B-6DDB-4AED-BFDF-67C8F96E8EAF}.Debug|iPhoneSimulator.Build.0 = Debug|iPhoneSimulator
		{716B672B-6DDB-4AED-BFDF-67C8F96E8EAF}.Debug|x64.ActiveCfg = Debug|iPhone
		{716B672B-6DDB-4AED-BFDF-67C8F96E8EAF}.Debug|x86.ActiveCfg = Debug|iPhone
		{716B672B-6DDB-4AED-BFDF-67C8F96E8EAF}.Release|Any CPU.ActiveCfg = Release|iPhone
		{716B672B-6DDB-4AED-BFDF-67C8F96E8EAF}.Release|ARM.ActiveCfg = Release|iPhone
		{716B672B-6DDB-4AED-BFDF-67C8F96E8EAF}.Release|iPhone.ActiveCfg = Release|iPhone
		{716B672B-6DDB-4AED-BFDF-67C8F96E8EAF}.Release|iPhone.Build.0 = Release|iPhone
		{716B672B-6DDB-4AED-BFDF-67C8F96E8EAF}.Release|iPhoneSimulator.ActiveCfg = Release|iPhoneSimulator
		{716B672B-6DDB-4AED-BFDF-67C8F96E8EAF}.Release|iPhoneSimulator.Build.0 = Release|iPhoneSimulator
		{716B672B-6DDB-4AED-BFDF-67C8F96E8EAF}.Release|x64.ActiveCfg = Release|iPhone
		{716B672B-6DDB-4AED-BFDF-67C8F96E8EAF}.Release|x86.ActiveCfg = Release|iPhone
	EndGlobalSection
	GlobalSection(SolutionProperties) = preSolution
		HideSolutionNode = FALSE
	EndGlobalSection
EndGlobal
